
Microsoft Visual Studio Solution File, Format Version 12.00
# Visual Studio Version 16
VisualStudioVersion = 16.0.29424.173
MinimumVisualStudioVersion = 10.0.40219.1
Project("{888888A0-9F3D-457C-B088-3A5042F75D52}") = "B1UpChecker", "B1UpChecker\B1UpChecker.pyproj", "{0B51BD0A-2681-4CF6-B975-404B9927C02E}"
EndProject
Project("{2150E333-8FDC-42A3-9474-1A3956D46DE8}") = "Solution Items", "Solution Items", "{AF561B22-1A9C-43CC-B131-CE0B64FF8CC0}"
	ProjectSection(SolutionItems) = preProject
		TextFile1.txt = TextFile1.txt
	EndProjectSection
EndProject
Global
	GlobalSection(SolutionConfigurationPlatforms) = preSolution
		Debug|Any CPU = Debug|Any CPU
		Release|Any CPU = Release|Any CPU
	EndGlobalSection
	GlobalSection(ProjectConfigurationPlatforms) = postSolution
		{0B51BD0A-2681-4CF6-B975-404B9927C02E}.Debug|Any CPU.ActiveCfg = Debug|Any CPU
		{0B51BD0A-2681-4CF6-B975-404B9927C02E}.Release|Any CPU.ActiveCfg = Release|Any CPU
	EndGlobalSection
	GlobalSection(SolutionProperties) = preSolution
		HideSolutionNode = FALSE
	EndGlobalSection
	GlobalSection(ExtensibilityGlobals) = postSolution
		SolutionGuid = {6F74B9CE-D06C-41BE-AE87-CD4907791206}
	EndGlobalSection
EndGlobal
